
Microsoft Visual Studio Solution File, Format Version 12.00
# Visual Studio Version 16
VisualStudioVersion = 16.0.30114.105
MinimumVisualStudioVersion = 10.0.40219.1
Project("{FAE04EC0-301F-11D3-BF4B-00C04F79EFBC}") = "VisioImportExportVba", "Addin\VisioImportExportVba.csproj", "{76500C88-175E-4BDD-A482-B11AF69A181B}"
EndProject
Project("{930C7802-8A8C-48F9-8165-68863BCCD9DD}") = "Setup", "Setup\Setup.wixproj", "{11D613CD-598C-48B2-B3CC-B68095807C4E}"
EndProject
Project("{FAE04EC0-301F-11D3-BF4B-00C04F79EFBC}") = "ImportExportVbaLib", "ImportExportVbaLib\ImportExportVbaLib.csproj", "{0FB3FD2A-600D-483F-B7F2-7479BA25CB32}"
EndProject
Project("{FAE04EC0-301F-11D3-BF4B-00C04F79EFBC}") = "vba_import_export", "vba_import_export\vba_import_export.csproj", "{DA483D6E-451E-4D03-A4FA-58DD3399CC04}"
EndProject
Global
	GlobalSection(SolutionConfigurationPlatforms) = preSolution
		Debug|Any CPU = Debug|Any CPU
		Release|Any CPU = Release|Any CPU
	EndGlobalSection
	GlobalSection(ProjectConfigurationPlatforms) = postSolution
		{76500C88-175E-4BDD-A482-B11AF69A181B}.Debug|Any CPU.ActiveCfg = Debug|Any CPU
		{76500C88-175E-4BDD-A482-B11AF69A181B}.Debug|Any CPU.Build.0 = Debug|Any CPU
		{76500C88-175E-4BDD-A482-B11AF69A181B}.Release|Any CPU.ActiveCfg = Release|Any CPU
		{76500C88-175E-4BDD-A482-B11AF69A181B}.Release|Any CPU.Build.0 = Release|Any CPU
		{11D613CD-598C-48B2-B3CC-B68095807C4E}.Debug|Any CPU.ActiveCfg = Debug|x86
		{11D613CD-598C-48B2-B3CC-B68095807C4E}.Release|Any CPU.ActiveCfg = Release|x86
		{11D613CD-598C-48B2-B3CC-B68095807C4E}.Release|Any CPU.Build.0 = Release|x86
		{0FB3FD2A-600D-483F-B7F2-7479BA25CB32}.Debug|Any CPU.ActiveCfg = Debug|Any CPU
		{0FB3FD2A-600D-483F-B7F2-7479BA25CB32}.Debug|Any CPU.Build.0 = Debug|Any CPU
		{0FB3FD2A-600D-483F-B7F2-7479BA25CB32}.Release|Any CPU.ActiveCfg = Release|Any CPU
		{0FB3FD2A-600D-483F-B7F2-7479BA25CB32}.Release|Any CPU.Build.0 = Release|Any CPU
		{DA483D6E-451E-4D03-A4FA-58DD3399CC04}.Debug|Any CPU.ActiveCfg = Debug|Any CPU
		{DA483D6E-451E-4D03-A4FA-58DD3399CC04}.Debug|Any CPU.Build.0 = Debug|Any CPU
		{DA483D6E-451E-4D03-A4FA-58DD3399CC04}.Release|Any CPU.ActiveCfg = Release|Any CPU
		{DA483D6E-451E-4D03-A4FA-58DD3399CC04}.Release|Any CPU.Build.0 = Release|Any CPU
	EndGlobalSection
	GlobalSection(SolutionProperties) = preSolution
		HideSolutionNode = FALSE
	EndGlobalSection
	GlobalSection(ExtensibilityGlobals) = postSolution
		SolutionGuid = {F55F16C4-8239-4B59-83E3-8ABA67E6C50B}
	EndGlobalSection
EndGlobal
